// !$*UTF8*$!
{
	archiveVersion = 1;
	classes = {
	};
	objectVersion = 46;
	objects = {

/* Begin PBXBuildFile section */
		200D93F31EEA2F0300A65A24 /* PhoneNumberKit.framework in Frameworks */ = {isa = PBXBuildFile; fileRef = 20CD5DEE1EE950F500AB48B4 /* PhoneNumberKit.framework */; };
		200D93F51EEA40FC00A65A24 /* DetailTableViewController.swift in Sources */ = {isa = PBXBuildFile; fileRef = 200D93F41EEA40FC00A65A24 /* DetailTableViewController.swift */; };
		200D94021EEA8E5F00A65A24 /* InfoPlist.strings in Resources */ = {isa = PBXBuildFile; fileRef = 200D94041EEA8E5F00A65A24 /* InfoPlist.strings */; };
		20250D181EDBBFBB002CEF0C /* CallDirectoryHandler.swift in Sources */ = {isa = PBXBuildFile; fileRef = 20250D171EDBBFBB002CEF0C /* CallDirectoryHandler.swift */; };
		20250D1C1EDBBFBB002CEF0C /* IntentsExtension.appex in Embed App Extensions */ = {isa = PBXBuildFile; fileRef = 20250D151EDBBFBA002CEF0C /* IntentsExtension.appex */; settings = {ATTRIBUTES = (RemoveHeadersOnCopy, ); }; };
		20556B8F1EEE2884001B82D3 /* SpamManager.m in Sources */ = {isa = PBXBuildFile; fileRef = 20556B8E1EEE2884001B82D3 /* SpamManager.m */; };
		2085E9DE1ED3F7F90067D65D /* CKModel.xcdatamodeld in Sources */ = {isa = PBXBuildFile; fileRef = 2085E9DC1ED3F7F90067D65D /* CKModel.xcdatamodeld */; };
		20A4F0EC1EE15FC00021A4C2 /* CKModel.xcdatamodeld in Sources */ = {isa = PBXBuildFile; fileRef = 2085E9DC1ED3F7F90067D65D /* CKModel.xcdatamodeld */; };
		20B12E931ED2CE2600521CD2 /* AppDelegate.swift in Sources */ = {isa = PBXBuildFile; fileRef = 20B12E921ED2CE2600521CD2 /* AppDelegate.swift */; };
		20B12E951ED2CE2600521CD2 /* ViewController.swift in Sources */ = {isa = PBXBuildFile; fileRef = 20B12E941ED2CE2600521CD2 /* ViewController.swift */; };
		20B12E981ED2CE2600521CD2 /* Main.storyboard in Resources */ = {isa = PBXBuildFile; fileRef = 20B12E961ED2CE2600521CD2 /* Main.storyboard */; };
		20B12E9A1ED2CE2600521CD2 /* Assets.xcassets in Resources */ = {isa = PBXBuildFile; fileRef = 20B12E991ED2CE2600521CD2 /* Assets.xcassets */; };
		20B12E9D1ED2CE2600521CD2 /* LaunchScreen.storyboard in Resources */ = {isa = PBXBuildFile; fileRef = 20B12E9B1ED2CE2600521CD2 /* LaunchScreen.storyboard */; };
		20B12EA81ED2CE2700521CD2 /* JustNumberTests.swift in Sources */ = {isa = PBXBuildFile; fileRef = 20B12EA71ED2CE2700521CD2 /* JustNumberTests.swift */; };
		20B12EB31ED2CE2700521CD2 /* JustNumberUITests.swift in Sources */ = {isa = PBXBuildFile; fileRef = 20B12EB21ED2CE2700521CD2 /* JustNumberUITests.swift */; };
		20B12EC31ED3D19100521CD2 /* MainTableViewController.swift in Sources */ = {isa = PBXBuildFile; fileRef = 20B12EC21ED3D19100521CD2 /* MainTableViewController.swift */; };
		20CD5DD61EE8FB6500AB48B4 /* Storage.swift in Sources */ = {isa = PBXBuildFile; fileRef = 20CEF7D01EE7F431009B5685 /* Storage.swift */; };
		20CD5DD71EE9106C00AB48B4 /* PersistentContainer.swift in Sources */ = {isa = PBXBuildFile; fileRef = 20FD71041EE7FC4B009B1818 /* PersistentContainer.swift */; };
		20CD5DDF1EE9151F00AB48B4 /* ShareViewController.swift in Sources */ = {isa = PBXBuildFile; fileRef = 20CD5DDE1EE9151F00AB48B4 /* ShareViewController.swift */; };
		20CD5DE21EE9151F00AB48B4 /* MainInterface.storyboard in Resources */ = {isa = PBXBuildFile; fileRef = 20CD5DE01EE9151F00AB48B4 /* MainInterface.storyboard */; };
		20CD5DEB1EE94AC800AB48B4 /* Contacts.framework in Frameworks */ = {isa = PBXBuildFile; fileRef = 20CD5DEA1EE94AC800AB48B4 /* Contacts.framework */; };
		20CD5DEF1EE950F500AB48B4 /* PhoneNumberKit.framework in Frameworks */ = {isa = PBXBuildFile; fileRef = 20CD5DEE1EE950F500AB48B4 /* PhoneNumberKit.framework */; };
		20CEF7D11EE7F431009B5685 /* Storage.swift in Sources */ = {isa = PBXBuildFile; fileRef = 20CEF7D01EE7F431009B5685 /* Storage.swift */; };
		20D9914D1EEA8F0D00698AC9 /* Info.plist in Resources */ = {isa = PBXBuildFile; fileRef = 20D9914C1EEA8F0D00698AC9 /* Info.plist */; };
		20FD71051EE7FC4B009B1818 /* PersistentContainer.swift in Sources */ = {isa = PBXBuildFile; fileRef = 20FD71041EE7FC4B009B1818 /* PersistentContainer.swift */; };
/* End PBXBuildFile section */

/* Begin PBXContainerItemProxy section */
		20250D1A1EDBBFBB002CEF0C /* PBXContainerItemProxy */ = {
			isa = PBXContainerItemProxy;
			containerPortal = 20B12E871ED2CE2600521CD2 /* Project object */;
			proxyType = 1;
			remoteGlobalIDString = 20250D141EDBBFBA002CEF0C;
			remoteInfo = IntentsExtension;
		};
		20B12EA41ED2CE2700521CD2 /* PBXContainerItemProxy */ = {
			isa = PBXContainerItemProxy;
			containerPortal = 20B12E871ED2CE2600521CD2 /* Project object */;
			proxyType = 1;
			remoteGlobalIDString = 20B12E8E1ED2CE2600521CD2;
			remoteInfo = JustNumber;
		};
		20B12EAF1ED2CE2700521CD2 /* PBXContainerItemProxy */ = {
			isa = PBXContainerItemProxy;
			containerPortal = 20B12E871ED2CE2600521CD2 /* Project object */;
			proxyType = 1;
			remoteGlobalIDString = 20B12E8E1ED2CE2600521CD2;
			remoteInfo = JustNumber;
		};
/* End PBXContainerItemProxy section */

/* Begin PBXCopyFilesBuildPhase section */
		2079C8191ED5326C00FCDB6A /* Embed App Extensions */ = {
			isa = PBXCopyFilesBuildPhase;
			buildActionMask = 2147483647;
			dstPath = "";
			dstSubfolderSpec = 13;
			files = (
				20250D1C1EDBBFBB002CEF0C /* IntentsExtension.appex in Embed App Extensions */,
			);
			name = "Embed App Extensions";
			runOnlyForDeploymentPostprocessing = 0;
		};
/* End PBXCopyFilesBuildPhase section */

/* Begin PBXFileReference section */
		200D93F41EEA40FC00A65A24 /* DetailTableViewController.swift */ = {isa = PBXFileReference; fileEncoding = 4; lastKnownFileType = sourcecode.swift; path = DetailTableViewController.swift; sourceTree = "<group>"; };
		200D93FA1EEA8C7600A65A24 /* ko */ = {isa = PBXFileReference; lastKnownFileType = text.plist.strings; name = ko; path = ko.lproj/Main.strings; sourceTree = "<group>"; };
		200D93FB1EEA8C7600A65A24 /* ko */ = {isa = PBXFileReference; lastKnownFileType = text.plist.strings; name = ko; path = ko.lproj/LaunchScreen.strings; sourceTree = "<group>"; };
		200D93FC1EEA8C7600A65A24 /* ko */ = {isa = PBXFileReference; lastKnownFileType = text.plist.strings; name = ko; path = ko.lproj/MainInterface.strings; sourceTree = "<group>"; };
		200D94031EEA8E5F00A65A24 /* Base */ = {isa = PBXFileReference; lastKnownFileType = text.plist.strings; name = Base; path = Base.lproj/InfoPlist.strings; sourceTree = "<group>"; };
		20250D151EDBBFBA002CEF0C /* IntentsExtension.appex */ = {isa = PBXFileReference; explicitFileType = "wrapper.app-extension"; includeInIndex = 0; path = IntentsExtension.appex; sourceTree = BUILT_PRODUCTS_DIR; };
		20250D171EDBBFBB002CEF0C /* CallDirectoryHandler.swift */ = {isa = PBXFileReference; lastKnownFileType = sourcecode.swift; path = CallDirectoryHandler.swift; sourceTree = "<group>"; };
		20250D191EDBBFBB002CEF0C /* Info.plist */ = {isa = PBXFileReference; lastKnownFileType = text.plist.xml; path = Info.plist; sourceTree = "<group>"; };
		20556B8D1EEE2884001B82D3 /* JustNumber-Bridging-Header.h */ = {isa = PBXFileReference; lastKnownFileType = sourcecode.c.h; path = "JustNumber-Bridging-Header.h"; sourceTree = "<group>"; };
		20556B8E1EEE2884001B82D3 /* SpamManager.m */ = {isa = PBXFileReference; fileEncoding = 4; lastKnownFileType = sourcecode.c.objc; path = SpamManager.m; sourceTree = "<group>"; };
		2085E9DD1ED3F7F90067D65D /* CKModel.xcdatamodel */ = {isa = PBXFileReference; lastKnownFileType = wrapper.xcdatamodel; path = CKModel.xcdatamodel; sourceTree = "<group>"; };
		2085EA5F1ED40F950067D65D /* CoreData.framework */ = {isa = PBXFileReference; lastKnownFileType = wrapper.framework; name = CoreData.framework; path = System/Library/Frameworks/CoreData.framework; sourceTree = SDKROOT; };
		20A4F0E71EE13B9F0021A4C2 /* JustNumber.entitlements */ = {isa = PBXFileReference; lastKnownFileType = text.plist.entitlements; path = JustNumber.entitlements; sourceTree = "<group>"; };
		20B12E8F1ED2CE2600521CD2 /* JustNumber.app */ = {isa = PBXFileReference; explicitFileType = wrapper.application; includeInIndex = 0; path = JustNumber.app; sourceTree = BUILT_PRODUCTS_DIR; };
		20B12E921ED2CE2600521CD2 /* AppDelegate.swift */ = {isa = PBXFileReference; lastKnownFileType = sourcecode.swift; path = AppDelegate.swift; sourceTree = "<group>"; };
		20B12E941ED2CE2600521CD2 /* ViewController.swift */ = {isa = PBXFileReference; lastKnownFileType = sourcecode.swift; path = ViewController.swift; sourceTree = "<group>"; };
		20B12E971ED2CE2600521CD2 /* Base */ = {isa = PBXFileReference; lastKnownFileType = file.storyboard; name = Base; path = Base.lproj/Main.storyboard; sourceTree = "<group>"; };
		20B12E991ED2CE2600521CD2 /* Assets.xcassets */ = {isa = PBXFileReference; lastKnownFileType = folder.assetcatalog; path = Assets.xcassets; sourceTree = "<group>"; };
		20B12E9C1ED2CE2600521CD2 /* Base */ = {isa = PBXFileReference; lastKnownFileType = file.storyboard; name = Base; path = Base.lproj/LaunchScreen.storyboard; sourceTree = "<group>"; };
		20B12EA31ED2CE2700521CD2 /* JustNumberTests.xctest */ = {isa = PBXFileReference; explicitFileType = wrapper.cfbundle; includeInIndex = 0; path = JustNumberTests.xctest; sourceTree = BUILT_PRODUCTS_DIR; };
		20B12EA71ED2CE2700521CD2 /* JustNumberTests.swift */ = {isa = PBXFileReference; lastKnownFileType = sourcecode.swift; path = JustNumberTests.swift; sourceTree = "<group>"; };
		20B12EA91ED2CE2700521CD2 /* Info.plist */ = {isa = PBXFileReference; lastKnownFileType = text.plist.xml; path = Info.plist; sourceTree = "<group>"; };
		20B12EAE1ED2CE2700521CD2 /* JustNumberUITests.xctest */ = {isa = PBXFileReference; explicitFileType = wrapper.cfbundle; includeInIndex = 0; path = JustNumberUITests.xctest; sourceTree = BUILT_PRODUCTS_DIR; };
		20B12EB21ED2CE2700521CD2 /* JustNumberUITests.swift */ = {isa = PBXFileReference; lastKnownFileType = sourcecode.swift; path = JustNumberUITests.swift; sourceTree = "<group>"; };
		20B12EB41ED2CE2700521CD2 /* Info.plist */ = {isa = PBXFileReference; lastKnownFileType = text.plist.xml; path = Info.plist; sourceTree = "<group>"; };
		20B12EC21ED3D19100521CD2 /* MainTableViewController.swift */ = {isa = PBXFileReference; fileEncoding = 4; lastKnownFileType = sourcecode.swift; path = MainTableViewController.swift; sourceTree = "<group>"; };
		20CD5DDC1EE9151F00AB48B4 /* share.appex */ = {isa = PBXFileReference; explicitFileType = "wrapper.app-extension"; includeInIndex = 0; path = share.appex; sourceTree = BUILT_PRODUCTS_DIR; };
		20CD5DDE1EE9151F00AB48B4 /* ShareViewController.swift */ = {isa = PBXFileReference; lastKnownFileType = sourcecode.swift; path = ShareViewController.swift; sourceTree = "<group>"; };
		20CD5DE11EE9151F00AB48B4 /* Base */ = {isa = PBXFileReference; lastKnownFileType = file.storyboard; name = Base; path = Base.lproj/MainInterface.storyboard; sourceTree = "<group>"; };
		20CD5DE31EE9151F00AB48B4 /* Info.plist */ = {isa = PBXFileReference; lastKnownFileType = text.plist.xml; path = Info.plist; sourceTree = "<group>"; };
		20CD5DEA1EE94AC800AB48B4 /* Contacts.framework */ = {isa = PBXFileReference; lastKnownFileType = wrapper.framework; name = Contacts.framework; path = System/Library/Frameworks/Contacts.framework; sourceTree = SDKROOT; };
		20CD5DEC1EE950D000AB48B4 /* iOS */ = {isa = PBXFileReference; lastKnownFileType = folder; name = iOS; path = Carthage/Build/iOS; sourceTree = "<group>"; };
		20CD5DEE1EE950F500AB48B4 /* PhoneNumberKit.framework */ = {isa = PBXFileReference; lastKnownFileType = wrapper.framework; name = PhoneNumberKit.framework; path = Carthage/Build/iOS/PhoneNumberKit.framework; sourceTree = "<group>"; };
		20CEF7C91EE7822A009B5685 /* IntentsExtension.entitlements */ = {isa = PBXFileReference; lastKnownFileType = text.plist.entitlements; path = IntentsExtension.entitlements; sourceTree = "<group>"; };
		20CEF7D01EE7F431009B5685 /* Storage.swift */ = {isa = PBXFileReference; fileEncoding = 4; lastKnownFileType = sourcecode.swift; path = Storage.swift; sourceTree = "<group>"; };
		20D9914C1EEA8F0D00698AC9 /* Info.plist */ = {isa = PBXFileReference; fileEncoding = 4; lastKnownFileType = text.plist.xml; path = Info.plist; sourceTree = "<group>"; };
		20F8B2D81EEA902900A92450 /* ko */ = {isa = PBXFileReference; lastKnownFileType = text.plist.strings; name = ko; path = ko.lproj/InfoPlist.strings; sourceTree = "<group>"; };
		20FD71041EE7FC4B009B1818 /* PersistentContainer.swift */ = {isa = PBXFileReference; fileEncoding = 4; lastKnownFileType = sourcecode.swift; name = PersistentContainer.swift; path = JustNumber/PersistentContainer.swift; sourceTree = SOURCE_ROOT; };
/* End PBXFileReference section */

/* Begin PBXFrameworksBuildPhase section */
		20250D121EDBBFBA002CEF0C /* Frameworks */ = {
			isa = PBXFrameworksBuildPhase;
			buildActionMask = 2147483647;
			files = (
			);
			runOnlyForDeploymentPostprocessing = 0;
		};
		20B12E8C1ED2CE2600521CD2 /* Frameworks */ = {
			isa = PBXFrameworksBuildPhase;
			buildActionMask = 2147483647;
			files = (
				200D93F31EEA2F0300A65A24 /* PhoneNumberKit.framework in Frameworks */,
			);
			runOnlyForDeploymentPostprocessing = 0;
		};
		20B12EA01ED2CE2700521CD2 /* Frameworks */ = {
			isa = PBXFrameworksBuildPhase;
			buildActionMask = 2147483647;
			files = (
			);
			runOnlyForDeploymentPostprocessing = 0;
		};
		20B12EAB1ED2CE2700521CD2 /* Frameworks */ = {
			isa = PBXFrameworksBuildPhase;
			buildActionMask = 2147483647;
			files = (
			);
			runOnlyForDeploymentPostprocessing = 0;
		};
		20CD5DD91EE9151F00AB48B4 /* Frameworks */ = {
			isa = PBXFrameworksBuildPhase;
			buildActionMask = 2147483647;
			files = (
				20CD5DEB1EE94AC800AB48B4 /* Contacts.framework in Frameworks */,
				20CD5DEF1EE950F500AB48B4 /* PhoneNumberKit.framework in Frameworks */,
			);
			runOnlyForDeploymentPostprocessing = 0;
		};
/* End PBXFrameworksBuildPhase section */

/* Begin PBXGroup section */
		20250D161EDBBFBB002CEF0C /* IntentsExtension */ = {
			isa = PBXGroup;
			children = (
				20FD71041EE7FC4B009B1818 /* PersistentContainer.swift */,
				20CEF7C91EE7822A009B5685 /* IntentsExtension.entitlements */,
				20250D171EDBBFBB002CEF0C /* CallDirectoryHandler.swift */,
				20250D191EDBBFBB002CEF0C /* Info.plist */,
				20CEF7D01EE7F431009B5685 /* Storage.swift */,
			);
			path = IntentsExtension;
			sourceTree = "<group>";
		};
		2085EA5E1ED40F950067D65D /* Frameworks */ = {
			isa = PBXGroup;
			children = (
				20CD5DEE1EE950F500AB48B4 /* PhoneNumberKit.framework */,
				20CD5DEC1EE950D000AB48B4 /* iOS */,
				20CD5DEA1EE94AC800AB48B4 /* Contacts.framework */,
				2085EA5F1ED40F950067D65D /* CoreData.framework */,
			);
			name = Frameworks;
			sourceTree = "<group>";
		};
		20B12E861ED2CE2600521CD2 = {
			isa = PBXGroup;
			children = (
				20B12E911ED2CE2600521CD2 /* JustNumber */,
				20B12EA61ED2CE2700521CD2 /* JustNumberTests */,
				20B12EB11ED2CE2700521CD2 /* JustNumberUITests */,
				20250D161EDBBFBB002CEF0C /* IntentsExtension */,
				20CD5DDD1EE9151F00AB48B4 /* share */,
				20B12E901ED2CE2600521CD2 /* Products */,
				2085EA5E1ED40F950067D65D /* Frameworks */,
			);
			sourceTree = "<group>";
		};
		20B12E901ED2CE2600521CD2 /* Products */ = {
			isa = PBXGroup;
			children = (
				20B12E8F1ED2CE2600521CD2 /* JustNumber.app */,
				20B12EA31ED2CE2700521CD2 /* JustNumberTests.xctest */,
				20B12EAE1ED2CE2700521CD2 /* JustNumberUITests.xctest */,
				20250D151EDBBFBA002CEF0C /* IntentsExtension.appex */,
				20CD5DDC1EE9151F00AB48B4 /* share.appex */,
			);
			name = Products;
			sourceTree = "<group>";
		};
		20B12E911ED2CE2600521CD2 /* JustNumber */ = {
			isa = PBXGroup;
			children = (
				20D9914C1EEA8F0D00698AC9 /* Info.plist */,
				20A4F0E71EE13B9F0021A4C2 /* JustNumber.entitlements */,
				20B12E921ED2CE2600521CD2 /* AppDelegate.swift */,
				20B12E941ED2CE2600521CD2 /* ViewController.swift */,
				20B12E961ED2CE2600521CD2 /* Main.storyboard */,
				20B12E991ED2CE2600521CD2 /* Assets.xcassets */,
				20B12E9B1ED2CE2600521CD2 /* LaunchScreen.storyboard */,
				20B12EC21ED3D19100521CD2 /* MainTableViewController.swift */,
				2085E9DC1ED3F7F90067D65D /* CKModel.xcdatamodeld */,
				200D93F41EEA40FC00A65A24 /* DetailTableViewController.swift */,
				200D94041EEA8E5F00A65A24 /* InfoPlist.strings */,
				20556B8E1EEE2884001B82D3 /* SpamManager.m */,
				20556B8D1EEE2884001B82D3 /* JustNumber-Bridging-Header.h */,
			);
			path = JustNumber;
			sourceTree = "<group>";
		};
		20B12EA61ED2CE2700521CD2 /* JustNumberTests */ = {
			isa = PBXGroup;
			children = (
				20B12EA71ED2CE2700521CD2 /* JustNumberTests.swift */,
				20B12EA91ED2CE2700521CD2 /* Info.plist */,
			);
			path = JustNumberTests;
			sourceTree = "<group>";
		};
		20B12EB11ED2CE2700521CD2 /* JustNumberUITests */ = {
			isa = PBXGroup;
			children = (
				20B12EB21ED2CE2700521CD2 /* JustNumberUITests.swift */,
				20B12EB41ED2CE2700521CD2 /* Info.plist */,
			);
			path = JustNumberUITests;
			sourceTree = "<group>";
		};
		20CD5DDD1EE9151F00AB48B4 /* share */ = {
			isa = PBXGroup;
			children = (
				20CD5DDE1EE9151F00AB48B4 /* ShareViewController.swift */,
				20CD5DE01EE9151F00AB48B4 /* MainInterface.storyboard */,
				20CD5DE31EE9151F00AB48B4 /* Info.plist */,
			);
			path = share;
			sourceTree = "<group>";
		};
/* End PBXGroup section */

/* Begin PBXNativeTarget section */
		20250D141EDBBFBA002CEF0C /* IntentsExtension */ = {
			isa = PBXNativeTarget;
			buildConfigurationList = 20250D1D1EDBBFBB002CEF0C /* Build configuration list for PBXNativeTarget "IntentsExtension" */;
			buildPhases = (
				20250D111EDBBFBA002CEF0C /* Sources */,
				20250D121EDBBFBA002CEF0C /* Frameworks */,
				20250D131EDBBFBA002CEF0C /* Resources */,
			);
			buildRules = (
			);
			dependencies = (
			);
			name = IntentsExtension;
			productName = IntentsExtension;
			productReference = 20250D151EDBBFBA002CEF0C /* IntentsExtension.appex */;
			productType = "com.apple.product-type.app-extension";
		};
		20B12E8E1ED2CE2600521CD2 /* JustNumber */ = {
			isa = PBXNativeTarget;
			buildConfigurationList = 20B12EB71ED2CE2700521CD2 /* Build configuration list for PBXNativeTarget "JustNumber" */;
			buildPhases = (
				20B12E8B1ED2CE2600521CD2 /* Sources */,
				20B12E8C1ED2CE2600521CD2 /* Frameworks */,
				20B12E8D1ED2CE2600521CD2 /* Resources */,
				2079C8191ED5326C00FCDB6A /* Embed App Extensions */,
				200D93F21EEA285400A65A24 /* ShellScript */,
			);
			buildRules = (
			);
			dependencies = (
				20250D1B1EDBBFBB002CEF0C /* PBXTargetDependency */,
			);
			name = JustNumber;
			productName = JustNumber;
			productReference = 20B12E8F1ED2CE2600521CD2 /* JustNumber.app */;
			productType = "com.apple.product-type.application";
		};
		20B12EA21ED2CE2700521CD2 /* JustNumberTests */ = {
			isa = PBXNativeTarget;
			buildConfigurationList = 20B12EBA1ED2CE2700521CD2 /* Build configuration list for PBXNativeTarget "JustNumberTests" */;
			buildPhases = (
				20B12E9F1ED2CE2700521CD2 /* Sources */,
				20B12EA01ED2CE2700521CD2 /* Frameworks */,
				20B12EA11ED2CE2700521CD2 /* Resources */,
			);
			buildRules = (
			);
			dependencies = (
				20B12EA51ED2CE2700521CD2 /* PBXTargetDependency */,
			);
			name = JustNumberTests;
			productName = JustNumberTests;
			productReference = 20B12EA31ED2CE2700521CD2 /* JustNumberTests.xctest */;
			productType = "com.apple.product-type.bundle.unit-test";
		};
		20B12EAD1ED2CE2700521CD2 /* JustNumberUITests */ = {
			isa = PBXNativeTarget;
			buildConfigurationList = 20B12EBD1ED2CE2700521CD2 /* Build configuration list for PBXNativeTarget "JustNumberUITests" */;
			buildPhases = (
				20B12EAA1ED2CE2700521CD2 /* Sources */,
				20B12EAB1ED2CE2700521CD2 /* Frameworks */,
				20B12EAC1ED2CE2700521CD2 /* Resources */,
			);
			buildRules = (
			);
			dependencies = (
				20B12EB01ED2CE2700521CD2 /* PBXTargetDependency */,
			);
			name = JustNumberUITests;
			productName = JustNumberUITests;
			productReference = 20B12EAE1ED2CE2700521CD2 /* JustNumberUITests.xctest */;
			productType = "com.apple.product-type.bundle.ui-testing";
		};
		20CD5DDB1EE9151F00AB48B4 /* share */ = {
			isa = PBXNativeTarget;
			buildConfigurationList = 20CD5DE71EE9151F00AB48B4 /* Build configuration list for PBXNativeTarget "share" */;
			buildPhases = (
				20CD5DD81EE9151F00AB48B4 /* Sources */,
				20CD5DD91EE9151F00AB48B4 /* Frameworks */,
				20CD5DDA1EE9151F00AB48B4 /* Resources */,
				20CD5DF01EE9512600AB48B4 /* ShellScript */,
			);
			buildRules = (
			);
			dependencies = (
			);
			name = share;
			productName = share;
			productReference = 20CD5DDC1EE9151F00AB48B4 /* share.appex */;
			productType = "com.apple.product-type.app-extension";
		};
/* End PBXNativeTarget section */

/* Begin PBXProject section */
		20B12E871ED2CE2600521CD2 /* Project object */ = {
			isa = PBXProject;
			attributes = {
				LastSwiftUpdateCheck = 0830;
				LastUpgradeCheck = 0830;
				ORGANIZATIONNAME = evan;
				TargetAttributes = {
					20250D141EDBBFBA002CEF0C = {
						CreatedOnToolsVersion = 8.3;
						DevelopmentTeam = WB4K6375G3;
						ProvisioningStyle = Automatic;
						SystemCapabilities = {
							com.apple.ApplicationGroups.iOS = {
								enabled = 1;
							};
						};
					};
					20B12E8E1ED2CE2600521CD2 = {
						CreatedOnToolsVersion = 8.3;
						DevelopmentTeam = WB4K6375G3;
						LastSwiftMigration = 0830;
						ProvisioningStyle = Automatic;
						SystemCapabilities = {
							com.apple.ApplicationGroups.iOS = {
								enabled = 1;
							};
							com.apple.BackgroundModes = {
								enabled = 1;
							};
							com.apple.Push = {
								enabled = 0;
							};
						};
					};
					20B12EA21ED2CE2700521CD2 = {
						CreatedOnToolsVersion = 8.3;
						ProvisioningStyle = Manual;
						TestTargetID = 20B12E8E1ED2CE2600521CD2;
					};
					20B12EAD1ED2CE2700521CD2 = {
						CreatedOnToolsVersion = 8.3;
						ProvisioningStyle = Manual;
						TestTargetID = 20B12E8E1ED2CE2600521CD2;
					};
					20CD5DDB1EE9151F00AB48B4 = {
						CreatedOnToolsVersion = 8.3;
						DevelopmentTeam = WB4K6375G3;
						ProvisioningStyle = Automatic;
					};
				};
			};
			buildConfigurationList = 20B12E8A1ED2CE2600521CD2 /* Build configuration list for PBXProject "JustNumber" */;
			compatibilityVersion = "Xcode 3.2";
			developmentRegion = English;
			hasScannedForEncodings = 0;
			knownRegions = (
				en,
				Base,
				ko,
			);
			mainGroup = 20B12E861ED2CE2600521CD2;
			productRefGroup = 20B12E901ED2CE2600521CD2 /* Products */;
			projectDirPath = "";
			projectRoot = "";
			targets = (
				20B12E8E1ED2CE2600521CD2 /* JustNumber */,
				20B12EA21ED2CE2700521CD2 /* JustNumberTests */,
				20B12EAD1ED2CE2700521CD2 /* JustNumberUITests */,
				20250D141EDBBFBA002CEF0C /* IntentsExtension */,
				20CD5DDB1EE9151F00AB48B4 /* share */,
			);
		};
/* End PBXProject section */

/* Begin PBXResourcesBuildPhase section */
		20250D131EDBBFBA002CEF0C /* Resources */ = {
			isa = PBXResourcesBuildPhase;
			buildActionMask = 2147483647;
			files = (
			);
			runOnlyForDeploymentPostprocessing = 0;
		};
		20B12E8D1ED2CE2600521CD2 /* Resources */ = {
			isa = PBXResourcesBuildPhase;
			buildActionMask = 2147483647;
			files = (
				20B12E9D1ED2CE2600521CD2 /* LaunchScreen.storyboard in Resources */,
				200D94021EEA8E5F00A65A24 /* InfoPlist.strings in Resources */,
				20B12E9A1ED2CE2600521CD2 /* Assets.xcassets in Resources */,
				20D9914D1EEA8F0D00698AC9 /* Info.plist in Resources */,
				20B12E981ED2CE2600521CD2 /* Main.storyboard in Resources */,
			);
			runOnlyForDeploymentPostprocessing = 0;
		};
		20B12EA11ED2CE2700521CD2 /* Resources */ = {
			isa = PBXResourcesBuildPhase;
			buildActionMask = 2147483647;
			files = (
			);
			runOnlyForDeploymentPostprocessing = 0;
		};
		20B12EAC1ED2CE2700521CD2 /* Resources */ = {
			isa = PBXResourcesBuildPhase;
			buildActionMask = 2147483647;
			files = (
			);
			runOnlyForDeploymentPostprocessing = 0;
		};
		20CD5DDA1EE9151F00AB48B4 /* Resources */ = {
			isa = PBXResourcesBuildPhase;
			buildActionMask = 2147483647;
			files = (
				20CD5DE21EE9151F00AB48B4 /* MainInterface.storyboard in Resources */,
			);
			runOnlyForDeploymentPostprocessing = 0;
		};
/* End PBXResourcesBuildPhase section */

/* Begin PBXShellScriptBuildPhase section */
		200D93F21EEA285400A65A24 /* ShellScript */ = {
			isa = PBXShellScriptBuildPhase;
			buildActionMask = 2147483647;
			files = (
			);
			inputPaths = (
				"$(SRCROOT)/Carthage/Build/iOS/PhoneNumberKit.framework",
			);
			outputPaths = (
			);
			runOnlyForDeploymentPostprocessing = 0;
			shellPath = /bin/sh;
			shellScript = "/usr/local/bin/carthage copy-frameworks";
		};
		20CD5DF01EE9512600AB48B4 /* ShellScript */ = {
			isa = PBXShellScriptBuildPhase;
			buildActionMask = 2147483647;
			files = (
			);
			inputPaths = (
				"$(SRCROOT)/Carthage/Build/iOS/PhoneNumberKit.framework",
			);
			outputPaths = (
			);
			runOnlyForDeploymentPostprocessing = 0;
			shellPath = /bin/sh;
			shellScript = "/usr/local/bin/carthage copy-frameworks";
		};
/* End PBXShellScriptBuildPhase section */

/* Begin PBXSourcesBuildPhase section */
		20250D111EDBBFBA002CEF0C /* Sources */ = {
			isa = PBXSourcesBuildPhase;
			buildActionMask = 2147483647;
			files = (
				20FD71051EE7FC4B009B1818 /* PersistentContainer.swift in Sources */,
				20250D181EDBBFBB002CEF0C /* CallDirectoryHandler.swift in Sources */,
				20A4F0EC1EE15FC00021A4C2 /* CKModel.xcdatamodeld in Sources */,
				20CEF7D11EE7F431009B5685 /* Storage.swift in Sources */,
			);
			runOnlyForDeploymentPostprocessing = 0;
		};
		20B12E8B1ED2CE2600521CD2 /* Sources */ = {
			isa = PBXSourcesBuildPhase;
			buildActionMask = 2147483647;
			files = (
				20556B8F1EEE2884001B82D3 /* SpamManager.m in Sources */,
				200D93F51EEA40FC00A65A24 /* DetailTableViewController.swift in Sources */,
				2085E9DE1ED3F7F90067D65D /* CKModel.xcdatamodeld in Sources */,
				20CD5DD61EE8FB6500AB48B4 /* Storage.swift in Sources */,
				20CD5DD71EE9106C00AB48B4 /* PersistentContainer.swift in Sources */,
				20B12E951ED2CE2600521CD2 /* ViewController.swift in Sources */,
				20B12E931ED2CE2600521CD2 /* AppDelegate.swift in Sources */,
				20B12EC31ED3D19100521CD2 /* MainTableViewController.swift in Sources */,
			);
			runOnlyForDeploymentPostprocessing = 0;
		};
		20B12E9F1ED2CE2700521CD2 /* Sources */ = {
			isa = PBXSourcesBuildPhase;
			buildActionMask = 2147483647;
			files = (
				20B12EA81ED2CE2700521CD2 /* JustNumberTests.swift in Sources */,
			);
			runOnlyForDeploymentPostprocessing = 0;
		};
		20B12EAA1ED2CE2700521CD2 /* Sources */ = {
			isa = PBXSourcesBuildPhase;
			buildActionMask = 2147483647;
			files = (
				20B12EB31ED2CE2700521CD2 /* JustNumberUITests.swift in Sources */,
			);
			runOnlyForDeploymentPostprocessing = 0;
		};
		20CD5DD81EE9151F00AB48B4 /* Sources */ = {
			isa = PBXSourcesBuildPhase;
			buildActionMask = 2147483647;
			files = (
				20CD5DDF1EE9151F00AB48B4 /* ShareViewController.swift in Sources */,
			);
			runOnlyForDeploymentPostprocessing = 0;
		};
/* End PBXSourcesBuildPhase section */

/* Begin PBXTargetDependency section */
		20250D1B1EDBBFBB002CEF0C /* PBXTargetDependency */ = {
			isa = PBXTargetDependency;
			target = 20250D141EDBBFBA002CEF0C /* IntentsExtension */;
			targetProxy = 20250D1A1EDBBFBB002CEF0C /* PBXContainerItemProxy */;
		};
		20B12EA51ED2CE2700521CD2 /* PBXTargetDependency */ = {
			isa = PBXTargetDependency;
			target = 20B12E8E1ED2CE2600521CD2 /* JustNumber */;
			targetProxy = 20B12EA41ED2CE2700521CD2 /* PBXContainerItemProxy */;
		};
		20B12EB01ED2CE2700521CD2 /* PBXTargetDependency */ = {
			isa = PBXTargetDependency;
			target = 20B12E8E1ED2CE2600521CD2 /* JustNumber */;
			targetProxy = 20B12EAF1ED2CE2700521CD2 /* PBXContainerItemProxy */;
		};
/* End PBXTargetDependency section */

/* Begin PBXVariantGroup section */
		200D94041EEA8E5F00A65A24 /* InfoPlist.strings */ = {
			isa = PBXVariantGroup;
			children = (
				200D94031EEA8E5F00A65A24 /* Base */,
				20F8B2D81EEA902900A92450 /* ko */,
			);
			name = InfoPlist.strings;
			sourceTree = "<group>";
		};
		20B12E961ED2CE2600521CD2 /* Main.storyboard */ = {
			isa = PBXVariantGroup;
			children = (
				20B12E971ED2CE2600521CD2 /* Base */,
				200D93FA1EEA8C7600A65A24 /* ko */,
			);
			name = Main.storyboard;
			sourceTree = "<group>";
		};
		20B12E9B1ED2CE2600521CD2 /* LaunchScreen.storyboard */ = {
			isa = PBXVariantGroup;
			children = (
				20B12E9C1ED2CE2600521CD2 /* Base */,
				200D93FB1EEA8C7600A65A24 /* ko */,
			);
			name = LaunchScreen.storyboard;
			sourceTree = "<group>";
		};
		20CD5DE01EE9151F00AB48B4 /* MainInterface.storyboard */ = {
			isa = PBXVariantGroup;
			children = (
				20CD5DE11EE9151F00AB48B4 /* Base */,
				200D93FC1EEA8C7600A65A24 /* ko */,
			);
			name = MainInterface.storyboard;
			sourceTree = "<group>";
		};
/* End PBXVariantGroup section */

/* Begin XCBuildConfiguration section */
		20250D1E1EDBBFBB002CEF0C /* Debug */ = {
			isa = XCBuildConfiguration;
			buildSettings = {
				ARCHS = "$(ARCHS_STANDARD_64_BIT)";
				CODE_SIGN_ENTITLEMENTS = IntentsExtension/IntentsExtension.entitlements;
				"CODE_SIGN_IDENTITY[sdk=iphoneos*]" = "iPhone Developer";
				DEVELOPMENT_TEAM = WB4K6375G3;
				INFOPLIST_FILE = IntentsExtension/Info.plist;
				LD_RUNPATH_SEARCH_PATHS = "$(inherited) @executable_path/Frameworks @executable_path/../../Frameworks";
				PRODUCT_BUNDLE_IDENTIFIER = com.accommate.test.IntentsExtension;
				PRODUCT_NAME = "$(TARGET_NAME)";
				PROVISIONING_PROFILE_SPECIFIER = "";
				SKIP_INSTALL = YES;
				SWIFT_VERSION = 3.0;
			};
			name = Debug;
		};
		20250D1F1EDBBFBB002CEF0C /* Release */ = {
			isa = XCBuildConfiguration;
			buildSettings = {
				ARCHS = "$(ARCHS_STANDARD_64_BIT)";
				CODE_SIGN_ENTITLEMENTS = IntentsExtension/IntentsExtension.entitlements;
				"CODE_SIGN_IDENTITY[sdk=iphoneos*]" = "iPhone Developer";
				DEVELOPMENT_TEAM = WB4K6375G3;
				INFOPLIST_FILE = IntentsExtension/Info.plist;
				LD_RUNPATH_SEARCH_PATHS = "$(inherited) @executable_path/Frameworks @executable_path/../../Frameworks";
				PRODUCT_BUNDLE_IDENTIFIER = com.accommate.test.IntentsExtension;
				PRODUCT_NAME = "$(TARGET_NAME)";
				PROVISIONING_PROFILE_SPECIFIER = "";
				SKIP_INSTALL = YES;
				SWIFT_VERSION = 3.0;
			};
			name = Release;
		};
		20B12EB51ED2CE2700521CD2 /* Debug */ = {
			isa = XCBuildConfiguration;
			buildSettings = {
				ALWAYS_SEARCH_USER_PATHS = NO;
				CLANG_ANALYZER_LOCALIZABILITY_NONLOCALIZED = YES;
				CLANG_ANALYZER_NONNULL = YES;
				CLANG_ANALYZER_NUMBER_OBJECT_CONVERSION = YES_AGGRESSIVE;
				CLANG_CXX_LANGUAGE_STANDARD = "gnu++0x";
				CLANG_CXX_LIBRARY = "libc++";
				CLANG_ENABLE_MODULES = YES;
				CLANG_ENABLE_OBJC_ARC = YES;
				CLANG_WARN_BOOL_CONVERSION = YES;
				CLANG_WARN_CONSTANT_CONVERSION = YES;
				CLANG_WARN_DIRECT_OBJC_ISA_USAGE = YES_ERROR;
				CLANG_WARN_DOCUMENTATION_COMMENTS = YES;
				CLANG_WARN_EMPTY_BODY = YES;
				CLANG_WARN_ENUM_CONVERSION = YES;
				CLANG_WARN_INFINITE_RECURSION = YES;
				CLANG_WARN_INT_CONVERSION = YES;
				CLANG_WARN_OBJC_ROOT_CLASS = YES_ERROR;
				CLANG_WARN_SUSPICIOUS_MOVE = YES;
				CLANG_WARN_UNREACHABLE_CODE = YES;
				CLANG_WARN__DUPLICATE_METHOD_MATCH = YES;
				"CODE_SIGN_IDENTITY[sdk=iphoneos*]" = "iPhone Developer";
				COPY_PHASE_STRIP = NO;
				DEBUG_INFORMATION_FORMAT = dwarf;
				ENABLE_STRICT_OBJC_MSGSEND = YES;
				ENABLE_TESTABILITY = YES;
				GCC_C_LANGUAGE_STANDARD = gnu99;
				GCC_DYNAMIC_NO_PIC = NO;
				GCC_NO_COMMON_BLOCKS = YES;
				GCC_OPTIMIZATION_LEVEL = 0;
				GCC_PREPROCESSOR_DEFINITIONS = (
					"DEBUG=1",
					"$(inherited)",
				);
				GCC_WARN_64_TO_32_BIT_CONVERSION = YES;
				GCC_WARN_ABOUT_RETURN_TYPE = YES_ERROR;
				GCC_WARN_UNDECLARED_SELECTOR = YES;
				GCC_WARN_UNINITIALIZED_AUTOS = YES_AGGRESSIVE;
				GCC_WARN_UNUSED_FUNCTION = YES;
				GCC_WARN_UNUSED_VARIABLE = YES;
				IPHONEOS_DEPLOYMENT_TARGET = 10.0;
				MTL_ENABLE_DEBUG_INFO = YES;
				ONLY_ACTIVE_ARCH = YES;
				SDKROOT = iphoneos;
				SWIFT_ACTIVE_COMPILATION_CONDITIONS = DEBUG;
				SWIFT_OPTIMIZATION_LEVEL = "-Onone";
				TARGETED_DEVICE_FAMILY = "1,2";
			};
			name = Debug;
		};
		20B12EB61ED2CE2700521CD2 /* Release */ = {
			isa = XCBuildConfiguration;
			buildSettings = {
				ALWAYS_SEARCH_USER_PATHS = NO;
				CLANG_ANALYZER_LOCALIZABILITY_NONLOCALIZED = YES;
				CLANG_ANALYZER_NONNULL = YES;
				CLANG_ANALYZER_NUMBER_OBJECT_CONVERSION = YES_AGGRESSIVE;
				CLANG_CXX_LANGUAGE_STANDARD = "gnu++0x";
				CLANG_CXX_LIBRARY = "libc++";
				CLANG_ENABLE_MODULES = YES;
				CLANG_ENABLE_OBJC_ARC = YES;
				CLANG_WARN_BOOL_CONVERSION = YES;
				CLANG_WARN_CONSTANT_CONVERSION = YES;
				CLANG_WARN_DIRECT_OBJC_ISA_USAGE = YES_ERROR;
				CLANG_WARN_DOCUMENTATION_COMMENTS = YES;
				CLANG_WARN_EMPTY_BODY = YES;
				CLANG_WARN_ENUM_CONVERSION = YES;
				CLANG_WARN_INFINITE_RECURSION = YES;
				CLANG_WARN_INT_CONVERSION = YES;
				CLANG_WARN_OBJC_ROOT_CLASS = YES_ERROR;
				CLANG_WARN_SUSPICIOUS_MOVE = YES;
				CLANG_WARN_UNREACHABLE_CODE = YES;
				CLANG_WARN__DUPLICATE_METHOD_MATCH = YES;
				"CODE_SIGN_IDENTITY[sdk=iphoneos*]" = "iPhone Developer";
				COPY_PHASE_STRIP = NO;
				DEBUG_INFORMATION_FORMAT = "dwarf-with-dsym";
				ENABLE_NS_ASSERTIONS = NO;
				ENABLE_STRICT_OBJC_MSGSEND = YES;
				GCC_C_LANGUAGE_STANDARD = gnu99;
				GCC_NO_COMMON_BLOCKS = YES;
				GCC_WARN_64_TO_32_BIT_CONVERSION = YES;
				GCC_WARN_ABOUT_RETURN_TYPE = YES_ERROR;
				GCC_WARN_UNDECLARED_SELECTOR = YES;
				GCC_WARN_UNINITIALIZED_AUTOS = YES_AGGRESSIVE;
				GCC_WARN_UNUSED_FUNCTION = YES;
				GCC_WARN_UNUSED_VARIABLE = YES;
				IPHONEOS_DEPLOYMENT_TARGET = 10.0;
				MTL_ENABLE_DEBUG_INFO = NO;
				SDKROOT = iphoneos;
				SWIFT_OPTIMIZATION_LEVEL = "-Owholemodule";
				TARGETED_DEVICE_FAMILY = "1,2";
				VALIDATE_PRODUCT = YES;
			};
			name = Release;
		};
		20B12EB81ED2CE2700521CD2 /* Debug */ = {
			isa = XCBuildConfiguration;
			buildSettings = {
				ALWAYS_EMBED_SWIFT_STANDARD_LIBRARIES = YES;
				APP_NAME = "";
				ASSETCATALOG_COMPILER_APPICON_NAME = AppIcon;
				CLANG_ENABLE_MODULES = YES;
				CODE_SIGN_ENTITLEMENTS = JustNumber/JustNumber.entitlements;
				CODE_SIGN_IDENTITY = "iPhone Developer";
				"CODE_SIGN_IDENTITY[sdk=iphoneos*]" = "iPhone Developer";
				DEVELOPMENT_TEAM = WB4K6375G3;
				FRAMEWORK_SEARCH_PATHS = (
					"$(inherited)",
					"$(PROJECT_DIR)/Carthage/Build/iOS",
				);
				INFOPLIST_FILE = "$(SRCROOT)/JustNumber/Info.plist";
				LD_RUNPATH_SEARCH_PATHS = "$(inherited) @executable_path/Frameworks";
				PRODUCT_BUNDLE_IDENTIFIER = com.accommate.test;
				PRODUCT_NAME = "$(TARGET_NAME)";
				PROVISIONING_PROFILE_SPECIFIER = "";
				SWIFT_OBJC_BRIDGING_HEADER = "JustNumber/JustNumber-Bridging-Header.h";
				SWIFT_OPTIMIZATION_LEVEL = "-Onone";
				SWIFT_VERSION = 3.0;
			};
			name = Debug;
		};
		20B12EB91ED2CE2700521CD2 /* Release */ = {
			isa = XCBuildConfiguration;
			buildSettings = {
				ALWAYS_EMBED_SWIFT_STANDARD_LIBRARIES = YES;
				APP_NAME = "";
				ASSETCATALOG_COMPILER_APPICON_NAME = AppIcon;
				CLANG_ENABLE_MODULES = YES;
				CODE_SIGN_ENTITLEMENTS = JustNumber/JustNumber.entitlements;
				CODE_SIGN_IDENTITY = "iPhone Developer";
				"CODE_SIGN_IDENTITY[sdk=iphoneos*]" = "iPhone Developer";
				DEVELOPMENT_TEAM = WB4K6375G3;
				FRAMEWORK_SEARCH_PATHS = (
					"$(inherited)",
					"$(PROJECT_DIR)/Carthage/Build/iOS",
				);
				INFOPLIST_FILE = "$(SRCROOT)/JustNumber/Info.plist";
				LD_RUNPATH_SEARCH_PATHS = "$(inherited) @executable_path/Frameworks";
				PRODUCT_BUNDLE_IDENTIFIER = com.accommate.test;
				PRODUCT_NAME = "$(TARGET_NAME)";
				PROVISIONING_PROFILE_SPECIFIER = "";
				SWIFT_OBJC_BRIDGING_HEADER = "JustNumber/JustNumber-Bridging-Header.h";
				SWIFT_VERSION = 3.0;
			};
			name = Release;
		};
		20B12EBB1ED2CE2700521CD2 /* Debug */ = {
			isa = XCBuildConfiguration;
			buildSettings = {
				ALWAYS_EMBED_SWIFT_STANDARD_LIBRARIES = YES;
				BUNDLE_LOADER = "$(TEST_HOST)";
				DEVELOPMENT_TEAM = "";
				INFOPLIST_FILE = JustNumberTests/Info.plist;
				LD_RUNPATH_SEARCH_PATHS = "$(inherited) @executable_path/Frameworks @loader_path/Frameworks";
				PRODUCT_BUNDLE_IDENTIFIER = net.b1ink.JustNumberTests;
				PRODUCT_NAME = "$(TARGET_NAME)";
				PROVISIONING_PROFILE_SPECIFIER = "";
				SWIFT_VERSION = 3.0;
				TEST_HOST = "$(BUILT_PRODUCTS_DIR)/JustNumber.app/JustNumber";
			};
			name = Debug;
		};
		20B12EBC1ED2CE2700521CD2 /* Release */ = {
			isa = XCBuildConfiguration;
			buildSettings = {
				ALWAYS_EMBED_SWIFT_STANDARD_LIBRARIES = YES;
				BUNDLE_LOADER = "$(TEST_HOST)";
				DEVELOPMENT_TEAM = "";
				INFOPLIST_FILE = JustNumberTests/Info.plist;
				LD_RUNPATH_SEARCH_PATHS = "$(inherited) @executable_path/Frameworks @loader_path/Frameworks";
				PRODUCT_BUNDLE_IDENTIFIER = net.b1ink.JustNumberTests;
				PRODUCT_NAME = "$(TARGET_NAME)";
				PROVISIONING_PROFILE_SPECIFIER = "";
				SWIFT_VERSION = 3.0;
				TEST_HOST = "$(BUILT_PRODUCTS_DIR)/JustNumber.app/JustNumber";
			};
			name = Release;
		};
		20B12EBE1ED2CE2700521CD2 /* Debug */ = {
			isa = XCBuildConfiguration;
			buildSettings = {
				ALWAYS_EMBED_SWIFT_STANDARD_LIBRARIES = YES;
				DEVELOPMENT_TEAM = "";
				INFOPLIST_FILE = JustNumberUITests/Info.plist;
				LD_RUNPATH_SEARCH_PATHS = "$(inherited) @executable_path/Frameworks @loader_path/Frameworks";
				PRODUCT_BUNDLE_IDENTIFIER = net.b1ink.JustNumberUITests;
				PRODUCT_NAME = "$(TARGET_NAME)";
				PROVISIONING_PROFILE_SPECIFIER = "";
				SWIFT_VERSION = 3.0;
				TEST_TARGET_NAME = JustNumber;
			};
			name = Debug;
		};
		20B12EBF1ED2CE2700521CD2 /* Release */ = {
			isa = XCBuildConfiguration;
			buildSettings = {
				ALWAYS_EMBED_SWIFT_STANDARD_LIBRARIES = YES;
				DEVELOPMENT_TEAM = "";
				INFOPLIST_FILE = JustNumberUITests/Info.plist;
				LD_RUNPATH_SEARCH_PATHS = "$(inherited) @executable_path/Frameworks @loader_path/Frameworks";
				PRODUCT_BUNDLE_IDENTIFIER = net.b1ink.JustNumberUITests;
				PRODUCT_NAME = "$(TARGET_NAME)";
				PROVISIONING_PROFILE_SPECIFIER = "";
				SWIFT_VERSION = 3.0;
				TEST_TARGET_NAME = JustNumber;
			};
			name = Release;
		};
		20CD5DE81EE9151F00AB48B4 /* Debug */ = {
			isa = XCBuildConfiguration;
			buildSettings = {
				CODE_SIGN_IDENTITY = "iPhone Developer";
				"CODE_SIGN_IDENTITY[sdk=iphoneos*]" = "iPhone Developer";
				DEVELOPMENT_TEAM = WB4K6375G3;
				FRAMEWORK_SEARCH_PATHS = (
					"$(inherited)",
					"$(PROJECT_DIR)/Carthage/Build/iOS",
				);
				INFOPLIST_FILE = share/Info.plist;
				IPHONEOS_DEPLOYMENT_TARGET = 10.3;
				LD_RUNPATH_SEARCH_PATHS = "$(inherited) @executable_path/Frameworks @executable_path/../../Frameworks";
				PRODUCT_BUNDLE_IDENTIFIER = com.accommate.test.share;
				PRODUCT_NAME = "$(TARGET_NAME)";
				SKIP_INSTALL = YES;
				SWIFT_VERSION = 3.0;
			};
			name = Debug;
		};
		20CD5DE91EE9151F00AB48B4 /* Release */ = {
			isa = XCBuildConfiguration;
			buildSettings = {
				CODE_SIGN_IDENTITY = "iPhone Developer";
				"CODE_SIGN_IDENTITY[sdk=iphoneos*]" = "iPhone Developer";
				DEVELOPMENT_TEAM = WB4K6375G3;
				FRAMEWORK_SEARCH_PATHS = (
					"$(inherited)",
					"$(PROJECT_DIR)/Carthage/Build/iOS",
				);
				INFOPLIST_FILE = share/Info.plist;
				IPHONEOS_DEPLOYMENT_TARGET = 10.3;
				LD_RUNPATH_SEARCH_PATHS = "$(inherited) @executable_path/Frameworks @executable_path/../../Frameworks";
				PRODUCT_BUNDLE_IDENTIFIER = com.accommate.test.share;
				PRODUCT_NAME = "$(TARGET_NAME)";
				SKIP_INSTALL = YES;
				SWIFT_VERSION = 3.0;
			};
			name = Release;
		};
/* End XCBuildConfiguration section */

/* Begin XCConfigurationList section */
		20250D1D1EDBBFBB002CEF0C /* Build configuration list for PBXNativeTarget "IntentsExtension" */ = {
			isa = XCConfigurationList;
			buildConfigurations = (
				20250D1E1EDBBFBB002CEF0C /* Debug */,
				20250D1F1EDBBFBB002CEF0C /* Release */,
			);
			defaultConfigurationIsVisible = 0;
			defaultConfigurationName = Release;
		};
		20B12E8A1ED2CE2600521CD2 /* Build configuration list for PBXProject "JustNumber" */ = {
			isa = XCConfigurationList;
			buildConfigurations = (
				20B12EB51ED2CE2700521CD2 /* Debug */,
				20B12EB61ED2CE2700521CD2 /* Release */,
			);
			defaultConfigurationIsVisible = 0;
			defaultConfigurationName = Release;
		};
		20B12EB71ED2CE2700521CD2 /* Build configuration list for PBXNativeTarget "JustNumber" */ = {
			isa = XCConfigurationList;
			buildConfigurations = (
				20B12EB81ED2CE2700521CD2 /* Debug */,
				20B12EB91ED2CE2700521CD2 /* Release */,
			);
			defaultConfigurationIsVisible = 0;
			defaultConfigurationName = Release;
		};
		20B12EBA1ED2CE2700521CD2 /* Build configuration list for PBXNativeTarget "JustNumberTests" */ = {
			isa = XCConfigurationList;
			buildConfigurations = (
				20B12EBB1ED2CE2700521CD2 /* Debug */,
				20B12EBC1ED2CE2700521CD2 /* Release */,
			);
			defaultConfigurationIsVisible = 0;
			defaultConfigurationName = Release;
		};
		20B12EBD1ED2CE2700521CD2 /* Build configuration list for PBXNativeTarget "JustNumberUITests" */ = {
			isa = XCConfigurationList;
			buildConfigurations = (
				20B12EBE1ED2CE2700521CD2 /* Debug */,
				20B12EBF1ED2CE2700521CD2 /* Release */,
			);
			defaultConfigurationIsVisible = 0;
			defaultConfigurationName = Release;
		};
		20CD5DE71EE9151F00AB48B4 /* Build configuration list for PBXNativeTarget "share" */ = {
			isa = XCConfigurationList;
			buildConfigurations = (
				20CD5DE81EE9151F00AB48B4 /* Debug */,
				20CD5DE91EE9151F00AB48B4 /* Release */,
			);
			defaultConfigurationIsVisible = 0;
			defaultConfigurationName = Release;
		};
/* End XCConfigurationList section */

/* Begin XCVersionGroup section */
		2085E9DC1ED3F7F90067D65D /* CKModel.xcdatamodeld */ = {
			isa = XCVersionGroup;
			children = (
				2085E9DD1ED3F7F90067D65D /* CKModel.xcdatamodel */,
			);
			currentVersion = 2085E9DD1ED3F7F90067D65D /* CKModel.xcdatamodel */;
			path = CKModel.xcdatamodeld;
			sourceTree = "<group>";
			versionGroupType = wrapper.xcdatamodel;
		};
/* End XCVersionGroup section */
	};
	rootObject = 20B12E871ED2CE2600521CD2 /* Project object */;
}
